
Microsoft Visual Studio Solution File, Format Version 12.00
# Visual Studio 2013
VisualStudioVersion = 12.0.31101.0
MinimumVisualStudioVersion = 10.0.40219.1
Project("{FAE04EC0-301F-11D3-BF4B-00C04F79EFBC}") = "PartyStore.Domain", "PartyStore.Domain\PartyStore.Domain.csproj", "{0FB8795A-2029-4FF0-BBF6-E91C4764F567}"
EndProject
Project("{FAE04EC0-301F-11D3-BF4B-00C04F79EFBC}") = "PartyStore.WebUI", "PartyStore.WebUI\PartyStore.WebUI.csproj", "{2ADC2640-C978-4AF1-87A4-7F79814EBB5C}"
EndProject
Project("{FAE04EC0-301F-11D3-BF4B-00C04F79EFBC}") = "PartyStore.UnitTests", "PartyStore.UnitTests\PartyStore.UnitTests.csproj", "{F1E9B8B5-CB66-4573-A56F-8C6EFFCB10B3}"
EndProject
Global
	GlobalSection(TeamFoundationVersionControl) = preSolution
		SccNumberOfProjects = 4
		SccEnterpriseProvider = {4CA58AB2-18FA-4F8D-95D4-32DDF27D184C}
		SccTeamFoundationServer = https://druc17.visualstudio.com/defaultcollection
		SccLocalPath0 = .
		SccProjectUniqueName1 = PartyStore.Domain\\PartyStore.Domain.csproj
		SccProjectName1 = PartyStore.Domain
		SccLocalPath1 = PartyStore.Domain
		SccProjectUniqueName2 = PartyStore.WebUI\\PartyStore.WebUI.csproj
		SccProjectName2 = PartyStore.WebUI
		SccLocalPath2 = PartyStore.WebUI
		SccProjectUniqueName3 = PartyStore.UnitTests\\PartyStore.UnitTests.csproj
		SccProjectName3 = PartyStore.UnitTests
		SccLocalPath3 = PartyStore.UnitTests
	EndGlobalSection
	GlobalSection(SolutionConfigurationPlatforms) = preSolution
		Debug|Any CPU = Debug|Any CPU
		Release|Any CPU = Release|Any CPU
	EndGlobalSection
	GlobalSection(ProjectConfigurationPlatforms) = postSolution
		{0FB8795A-2029-4FF0-BBF6-E91C4764F567}.Debug|Any CPU.ActiveCfg = Debug|Any CPU
		{0FB8795A-2029-4FF0-BBF6-E91C4764F567}.Debug|Any CPU.Build.0 = Debug|Any CPU
		{0FB8795A-2029-4FF0-BBF6-E91C4764F567}.Release|Any CPU.ActiveCfg = Release|Any CPU
		{0FB8795A-2029-4FF0-BBF6-E91C4764F567}.Release|Any CPU.Build.0 = Release|Any CPU
		{2ADC2640-C978-4AF1-87A4-7F79814EBB5C}.Debug|Any CPU.ActiveCfg = Debug|Any CPU
		{2ADC2640-C978-4AF1-87A4-7F79814EBB5C}.Debug|Any CPU.Build.0 = Debug|Any CPU
		{2ADC2640-C978-4AF1-87A4-7F79814EBB5C}.Release|Any CPU.ActiveCfg = Release|Any CPU
		{2ADC2640-C978-4AF1-87A4-7F79814EBB5C}.Release|Any CPU.Build.0 = Release|Any CPU
		{F1E9B8B5-CB66-4573-A56F-8C6EFFCB10B3}.Debug|Any CPU.ActiveCfg = Debug|Any CPU
		{F1E9B8B5-CB66-4573-A56F-8C6EFFCB10B3}.Debug|Any CPU.Build.0 = Debug|Any CPU
		{F1E9B8B5-CB66-4573-A56F-8C6EFFCB10B3}.Release|Any CPU.ActiveCfg = Release|Any CPU
		{F1E9B8B5-CB66-4573-A56F-8C6EFFCB10B3}.Release|Any CPU.Build.0 = Release|Any CPU
	EndGlobalSection
	GlobalSection(SolutionProperties) = preSolution
		HideSolutionNode = FALSE
	EndGlobalSection
EndGlobal
